
Microsoft Visual Studio Solution File, Format Version 12.00
# Visual Studio 15
VisualStudioVersion = 15.0.28307.572
MinimumVisualStudioVersion = 10.0.40219.1
Project("{FAE04EC0-301F-11D3-BF4B-00C04F79EFBC}") = "Demo", "Demo\Demo.csproj", "{9D4D7ACF-618F-4330-92D9-AF765A738E88}"
EndProject
Project("{FAE04EC0-301F-11D3-BF4B-00C04F79EFBC}") = "Fonction", "Fonction\Fonction.csproj", "{8F056C8A-136C-4088-9CDF-2DC1ED4DBDA8}"
EndProject
Project("{FAE04EC0-301F-11D3-BF4B-00C04F79EFBC}") = "Propriétés", "Propriétés\Propriétés.csproj", "{E04C5041-842B-4A9D-88DC-9252D91C6CCC}"
EndProject
Project("{FAE04EC0-301F-11D3-BF4B-00C04F79EFBC}") = "ArrayList", "ArrayList\ArrayList.csproj", "{DE403FEB-641C-412E-A4EB-FB449213BD63}"
EndProject
Project("{FAE04EC0-301F-11D3-BF4B-00C04F79EFBC}") = "Fichiers", "Fichiers\Fichiers.csproj", "{9FE18FB7-429D-4458-AA63-DD14C0E17B71}"
EndProject
Project("{FAE04EC0-301F-11D3-BF4B-00C04F79EFBC}") = "String", "String\String.csproj", "{74BC626D-EAF9-46EA-8C9E-0ECFC2F6CE50}"
EndProject
Project("{FAE04EC0-301F-11D3-BF4B-00C04F79EFBC}") = "Statique", "Statique\Statique.csproj", "{8883F733-FE18-4A2A-811F-E972EA9CA3DE}"
EndProject
Project("{FAE04EC0-301F-11D3-BF4B-00C04F79EFBC}") = "Classe", "Classe\Classe.csproj", "{F7FD93EC-4FDA-4D54-B2D0-AB396A3DD17E}"
EndProject
Project("{FAE04EC0-301F-11D3-BF4B-00C04F79EFBC}") = "Namespace", "Namespace\Namespace.csproj", "{F06108D0-5F1F-4F1C-86F2-2611958C5928}"
EndProject
Project("{FAE04EC0-301F-11D3-BF4B-00C04F79EFBC}") = "Struct", "Struct\Struct.csproj", "{51D42081-412A-43C7-B305-2C855EE02F86}"
EndProject
Project("{FAE04EC0-301F-11D3-BF4B-00C04F79EFBC}") = "Exception", "Exception\Exception.csproj", "{AEA88A77-1AF4-4028-80A2-A17AA4C5E0FF}"
EndProject
Project("{FAE04EC0-301F-11D3-BF4B-00C04F79EFBC}") = "Enum", "Enum\Enum.csproj", "{D7B9A79A-9E94-45AD-AC75-A0296B24BA7E}"
EndProject
Project("{FAE04EC0-301F-11D3-BF4B-00C04F79EFBC}") = "Heritage", "Heritage\Heritage.csproj", "{23E6090D-485C-4413-BE14-79A17CEF635C}"
EndProject
Project("{FAE04EC0-301F-11D3-BF4B-00C04F79EFBC}") = "Genericité", "Genericité\Genericité.csproj", "{DB641159-1AF5-4A5A-A169-712B554CAFC3}"
EndProject
Project("{FAE04EC0-301F-11D3-BF4B-00C04F79EFBC}") = "Indexeur", "Indexeur\Indexeur.csproj", "{B083FB06-E56D-4F2A-8D83-9C5FE96D7B40}"
EndProject
Project("{FAE04EC0-301F-11D3-BF4B-00C04F79EFBC}") = "Delegate", "Delegate\Delegate.csproj", "{192B93CB-83B6-46D0-8153-7C14492FD22D}"
EndProject
Project("{FAE04EC0-301F-11D3-BF4B-00C04F79EFBC}") = "Evenement", "Evenement\Evenement.csproj", "{21E0747A-1028-41FD-B1DC-E5C733E2E480}"
EndProject
Project("{FAE04EC0-301F-11D3-BF4B-00C04F79EFBC}") = "SurchargeOperateur", "surchargeOperateur\SurchargeOperateur.csproj", "{6C451CFF-B761-4BC6-8700-8DE0BD6902C6}"
EndProject
Project("{FAE04EC0-301F-11D3-BF4B-00C04F79EFBC}") = "MethodeExtension", "MethodeExtension\MethodeExtension.csproj", "{6AA949EE-F451-401B-AC86-41B07D2EDEFC}"
EndProject
Project("{FAE04EC0-301F-11D3-BF4B-00C04F79EFBC}") = "pointeur", "Pointeur\pointeur.csproj", "{B8585C3C-6E67-4706-ACD3-832CA0ECC003}"
EndProject
Project("{FAE04EC0-301F-11D3-BF4B-00C04F79EFBC}") = "Pinvoke", "Pinvoke\Pinvoke.csproj", "{2834D01A-B38D-41C9-A645-2435D12A4C14}"
EndProject
Project("{FAE04EC0-301F-11D3-BF4B-00C04F79EFBC}") = "var", "var\var.csproj", "{5DEB6911-FAEA-4DEF-8962-D44C50AF3D27}"
EndProject
Project("{FAE04EC0-301F-11D3-BF4B-00C04F79EFBC}") = "directives", "directives\directives.csproj", "{AB0E3E8A-7F16-4E4B-B6B7-3A8F1A29B545}"
EndProject
Project("{FAE04EC0-301F-11D3-BF4B-00C04F79EFBC}") = "Using", "Using\Using.csproj", "{F1260050-CB07-4E4C-ACA4-1B86505C9398}"
EndProject
Global
	GlobalSection(SolutionConfigurationPlatforms) = preSolution
		Debug|Any CPU = Debug|Any CPU
		Debug|x86 = Debug|x86
		Release|Any CPU = Release|Any CPU
		Release|x86 = Release|x86
	EndGlobalSection
	GlobalSection(ProjectConfigurationPlatforms) = postSolution
		{9D4D7ACF-618F-4330-92D9-AF765A738E88}.Debug|Any CPU.ActiveCfg = Debug|Any CPU
		{9D4D7ACF-618F-4330-92D9-AF765A738E88}.Debug|Any CPU.Build.0 = Debug|Any CPU
		{9D4D7ACF-618F-4330-92D9-AF765A738E88}.Debug|x86.ActiveCfg = Debug|Any CPU
		{9D4D7ACF-618F-4330-92D9-AF765A738E88}.Debug|x86.Build.0 = Debug|Any CPU
		{9D4D7ACF-618F-4330-92D9-AF765A738E88}.Release|Any CPU.ActiveCfg = Release|Any CPU
		{9D4D7ACF-618F-4330-92D9-AF765A738E88}.Release|Any CPU.Build.0 = Release|Any CPU
		{9D4D7ACF-618F-4330-92D9-AF765A738E88}.Release|x86.ActiveCfg = Release|Any CPU
		{9D4D7ACF-618F-4330-92D9-AF765A738E88}.Release|x86.Build.0 = Release|Any CPU
		{8F056C8A-136C-4088-9CDF-2DC1ED4DBDA8}.Debug|Any CPU.ActiveCfg = Debug|Any CPU
		{8F056C8A-136C-4088-9CDF-2DC1ED4DBDA8}.Debug|Any CPU.Build.0 = Debug|Any CPU
		{8F056C8A-136C-4088-9CDF-2DC1ED4DBDA8}.Debug|x86.ActiveCfg = Debug|Any CPU
		{8F056C8A-136C-4088-9CDF-2DC1ED4DBDA8}.Debug|x86.Build.0 = Debug|Any CPU
		{8F056C8A-136C-4088-9CDF-2DC1ED4DBDA8}.Release|Any CPU.ActiveCfg = Release|Any CPU
		{8F056C8A-136C-4088-9CDF-2DC1ED4DBDA8}.Release|Any CPU.Build.0 = Release|Any CPU
		{8F056C8A-136C-4088-9CDF-2DC1ED4DBDA8}.Release|x86.ActiveCfg = Release|Any CPU
		{8F056C8A-136C-4088-9CDF-2DC1ED4DBDA8}.Release|x86.Build.0 = Release|Any CPU
		{E04C5041-842B-4A9D-88DC-9252D91C6CCC}.Debug|Any CPU.ActiveCfg = Debug|Any CPU
		{E04C5041-842B-4A9D-88DC-9252D91C6CCC}.Debug|Any CPU.Build.0 = Debug|Any CPU
		{E04C5041-842B-4A9D-88DC-9252D91C6CCC}.Debug|x86.ActiveCfg = Debug|Any CPU
		{E04C5041-842B-4A9D-88DC-9252D91C6CCC}.Debug|x86.Build.0 = Debug|Any CPU
		{E04C5041-842B-4A9D-88DC-9252D91C6CCC}.Release|Any CPU.ActiveCfg = Release|Any CPU
		{E04C5041-842B-4A9D-88DC-9252D91C6CCC}.Release|Any CPU.Build.0 = Release|Any CPU
		{E04C5041-842B-4A9D-88DC-9252D91C6CCC}.Release|x86.ActiveCfg = Release|Any CPU
		{E04C5041-842B-4A9D-88DC-9252D91C6CCC}.Release|x86.Build.0 = Release|Any CPU
		{DE403FEB-641C-412E-A4EB-FB449213BD63}.Debug|Any CPU.ActiveCfg = Debug|Any CPU
		{DE403FEB-641C-412E-A4EB-FB449213BD63}.Debug|Any CPU.Build.0 = Debug|Any CPU
		{DE403FEB-641C-412E-A4EB-FB449213BD63}.Debug|x86.ActiveCfg = Debug|Any CPU
		{DE403FEB-641C-412E-A4EB-FB449213BD63}.Debug|x86.Build.0 = Debug|Any CPU
		{DE403FEB-641C-412E-A4EB-FB449213BD63}.Release|Any CPU.ActiveCfg = Release|Any CPU
		{DE403FEB-641C-412E-A4EB-FB449213BD63}.Release|Any CPU.Build.0 = Release|Any CPU
		{DE403FEB-641C-412E-A4EB-FB449213BD63}.Release|x86.ActiveCfg = Release|Any CPU
		{DE403FEB-641C-412E-A4EB-FB449213BD63}.Release|x86.Build.0 = Release|Any CPU
		{9FE18FB7-429D-4458-AA63-DD14C0E17B71}.Debug|Any CPU.ActiveCfg = Debug|Any CPU
		{9FE18FB7-429D-4458-AA63-DD14C0E17B71}.Debug|Any CPU.Build.0 = Debug|Any CPU
		{9FE18FB7-429D-4458-AA63-DD14C0E17B71}.Debug|x86.ActiveCfg = Debug|Any CPU
		{9FE18FB7-429D-4458-AA63-DD14C0E17B71}.Debug|x86.Build.0 = Debug|Any CPU
		{9FE18FB7-429D-4458-AA63-DD14C0E17B71}.Release|Any CPU.ActiveCfg = Release|Any CPU
		{9FE18FB7-429D-4458-AA63-DD14C0E17B71}.Release|Any CPU.Build.0 = Release|Any CPU
		{9FE18FB7-429D-4458-AA63-DD14C0E17B71}.Release|x86.ActiveCfg = Release|Any CPU
		{9FE18FB7-429D-4458-AA63-DD14C0E17B71}.Release|x86.Build.0 = Release|Any CPU
		{74BC626D-EAF9-46EA-8C9E-0ECFC2F6CE50}.Debug|Any CPU.ActiveCfg = Debug|Any CPU
		{74BC626D-EAF9-46EA-8C9E-0ECFC2F6CE50}.Debug|Any CPU.Build.0 = Debug|Any CPU
		{74BC626D-EAF9-46EA-8C9E-0ECFC2F6CE50}.Debug|x86.ActiveCfg = Debug|Any CPU
		{74BC626D-EAF9-46EA-8C9E-0ECFC2F6CE50}.Debug|x86.Build.0 = Debug|Any CPU
		{74BC626D-EAF9-46EA-8C9E-0ECFC2F6CE50}.Release|Any CPU.ActiveCfg = Release|Any CPU
		{74BC626D-EAF9-46EA-8C9E-0ECFC2F6CE50}.Release|Any CPU.Build.0 = Release|Any CPU
		{74BC626D-EAF9-46EA-8C9E-0ECFC2F6CE50}.Release|x86.ActiveCfg = Release|Any CPU
		{74BC626D-EAF9-46EA-8C9E-0ECFC2F6CE50}.Release|x86.Build.0 = Release|Any CPU
		{8883F733-FE18-4A2A-811F-E972EA9CA3DE}.Debug|Any CPU.ActiveCfg = Debug|Any CPU
		{8883F733-FE18-4A2A-811F-E972EA9CA3DE}.Debug|Any CPU.Build.0 = Debug|Any CPU
		{8883F733-FE18-4A2A-811F-E972EA9CA3DE}.Debug|x86.ActiveCfg = Debug|Any CPU
		{8883F733-FE18-4A2A-811F-E972EA9CA3DE}.Debug|x86.Build.0 = Debug|Any CPU
		{8883F733-FE18-4A2A-811F-E972EA9CA3DE}.Release|Any CPU.ActiveCfg = Release|Any CPU
		{8883F733-FE18-4A2A-811F-E972EA9CA3DE}.Release|Any CPU.Build.0 = Release|Any CPU
		{8883F733-FE18-4A2A-811F-E972EA9CA3DE}.Release|x86.ActiveCfg = Release|Any CPU
		{8883F733-FE18-4A2A-811F-E972EA9CA3DE}.Release|x86.Build.0 = Release|Any CPU
		{F7FD93EC-4FDA-4D54-B2D0-AB396A3DD17E}.Debug|Any CPU.ActiveCfg = Debug|Any CPU
		{F7FD93EC-4FDA-4D54-B2D0-AB396A3DD17E}.Debug|Any CPU.Build.0 = Debug|Any CPU
		{F7FD93EC-4FDA-4D54-B2D0-AB396A3DD17E}.Debug|x86.ActiveCfg = Debug|Any CPU
		{F7FD93EC-4FDA-4D54-B2D0-AB396A3DD17E}.Debug|x86.Build.0 = Debug|Any CPU
		{F7FD93EC-4FDA-4D54-B2D0-AB396A3DD17E}.Release|Any CPU.ActiveCfg = Release|Any CPU
		{F7FD93EC-4FDA-4D54-B2D0-AB396A3DD17E}.Release|Any CPU.Build.0 = Release|Any CPU
		{F7FD93EC-4FDA-4D54-B2D0-AB396A3DD17E}.Release|x86.ActiveCfg = Release|Any CPU
		{F7FD93EC-4FDA-4D54-B2D0-AB396A3DD17E}.Release|x86.Build.0 = Release|Any CPU
		{F06108D0-5F1F-4F1C-86F2-2611958C5928}.Debug|Any CPU.ActiveCfg = Debug|Any CPU
		{F06108D0-5F1F-4F1C-86F2-2611958C5928}.Debug|Any CPU.Build.0 = Debug|Any CPU
		{F06108D0-5F1F-4F1C-86F2-2611958C5928}.Debug|x86.ActiveCfg = Debug|Any CPU
		{F06108D0-5F1F-4F1C-86F2-2611958C5928}.Debug|x86.Build.0 = Debug|Any CPU
		{F06108D0-5F1F-4F1C-86F2-2611958C5928}.Release|Any CPU.ActiveCfg = Release|Any CPU
		{F06108D0-5F1F-4F1C-86F2-2611958C5928}.Release|Any CPU.Build.0 = Release|Any CPU
		{F06108D0-5F1F-4F1C-86F2-2611958C5928}.Release|x86.ActiveCfg = Release|Any CPU
		{F06108D0-5F1F-4F1C-86F2-2611958C5928}.Release|x86.Build.0 = Release|Any CPU
		{51D42081-412A-43C7-B305-2C855EE02F86}.Debug|Any CPU.ActiveCfg = Debug|Any CPU
		{51D42081-412A-43C7-B305-2C855EE02F86}.Debug|Any CPU.Build.0 = Debug|Any CPU
		{51D42081-412A-43C7-B305-2C855EE02F86}.Debug|x86.ActiveCfg = Debug|Any CPU
		{51D42081-412A-43C7-B305-2C855EE02F86}.Debug|x86.Build.0 = Debug|Any CPU
		{51D42081-412A-43C7-B305-2C855EE02F86}.Release|Any CPU.ActiveCfg = Release|Any CPU
		{51D42081-412A-43C7-B305-2C855EE02F86}.Release|Any CPU.Build.0 = Release|Any CPU
		{51D42081-412A-43C7-B305-2C855EE02F86}.Release|x86.ActiveCfg = Release|Any CPU
		{51D42081-412A-43C7-B305-2C855EE02F86}.Release|x86.Build.0 = Release|Any CPU
		{AEA88A77-1AF4-4028-80A2-A17AA4C5E0FF}.Debug|Any CPU.ActiveCfg = Debug|Any CPU
		{AEA88A77-1AF4-4028-80A2-A17AA4C5E0FF}.Debug|Any CPU.Build.0 = Debug|Any CPU
		{AEA88A77-1AF4-4028-80A2-A17AA4C5E0FF}.Debug|x86.ActiveCfg = Debug|Any CPU
		{AEA88A77-1AF4-4028-80A2-A17AA4C5E0FF}.Debug|x86.Build.0 = Debug|Any CPU
		{AEA88A77-1AF4-4028-80A2-A17AA4C5E0FF}.Release|Any CPU.ActiveCfg = Release|Any CPU
		{AEA88A77-1AF4-4028-80A2-A17AA4C5E0FF}.Release|Any CPU.Build.0 = Release|Any CPU
		{AEA88A77-1AF4-4028-80A2-A17AA4C5E0FF}.Release|x86.ActiveCfg = Release|Any CPU
		{AEA88A77-1AF4-4028-80A2-A17AA4C5E0FF}.Release|x86.Build.0 = Release|Any CPU
		{D7B9A79A-9E94-45AD-AC75-A0296B24BA7E}.Debug|Any CPU.ActiveCfg = Debug|Any CPU
		{D7B9A79A-9E94-45AD-AC75-A0296B24BA7E}.Debug|Any CPU.Build.0 = Debug|Any CPU
		{D7B9A79A-9E94-45AD-AC75-A0296B24BA7E}.Debug|x86.ActiveCfg = Debug|Any CPU
		{D7B9A79A-9E94-45AD-AC75-A0296B24BA7E}.Debug|x86.Build.0 = Debug|Any CPU
		{D7B9A79A-9E94-45AD-AC75-A0296B24BA7E}.Release|Any CPU.ActiveCfg = Release|Any CPU
		{D7B9A79A-9E94-45AD-AC75-A0296B24BA7E}.Release|Any CPU.Build.0 = Release|Any CPU
		{D7B9A79A-9E94-45AD-AC75-A0296B24BA7E}.Release|x86.ActiveCfg = Release|Any CPU
		{D7B9A79A-9E94-45AD-AC75-A0296B24BA7E}.Release|x86.Build.0 = Release|Any CPU
		{23E6090D-485C-4413-BE14-79A17CEF635C}.Debug|Any CPU.ActiveCfg = Debug|Any CPU
		{23E6090D-485C-4413-BE14-79A17CEF635C}.Debug|Any CPU.Build.0 = Debug|Any CPU
		{23E6090D-485C-4413-BE14-79A17CEF635C}.Debug|x86.ActiveCfg = Debug|Any CPU
		{23E6090D-485C-4413-BE14-79A17CEF635C}.Debug|x86.Build.0 = Debug|Any CPU
		{23E6090D-485C-4413-BE14-79A17CEF635C}.Release|Any CPU.ActiveCfg = Release|Any CPU
		{23E6090D-485C-4413-BE14-79A17CEF635C}.Release|Any CPU.Build.0 = Release|Any CPU
		{23E6090D-485C-4413-BE14-79A17CEF635C}.Release|x86.ActiveCfg = Release|Any CPU
		{23E6090D-485C-4413-BE14-79A17CEF635C}.Release|x86.Build.0 = Release|Any CPU
		{DB641159-1AF5-4A5A-A169-712B554CAFC3}.Debug|Any CPU.ActiveCfg = Debug|Any CPU
		{DB641159-1AF5-4A5A-A169-712B554CAFC3}.Debug|Any CPU.Build.0 = Debug|Any CPU
		{DB641159-1AF5-4A5A-A169-712B554CAFC3}.Debug|x86.ActiveCfg = Debug|Any CPU
		{DB641159-1AF5-4A5A-A169-712B554CAFC3}.Debug|x86.Build.0 = Debug|Any CPU
		{DB641159-1AF5-4A5A-A169-712B554CAFC3}.Release|Any CPU.ActiveCfg = Release|Any CPU
		{DB641159-1AF5-4A5A-A169-712B554CAFC3}.Release|Any CPU.Build.0 = Release|Any CPU
		{DB641159-1AF5-4A5A-A169-712B554CAFC3}.Release|x86.ActiveCfg = Release|Any CPU
		{DB641159-1AF5-4A5A-A169-712B554CAFC3}.Release|x86.Build.0 = Release|Any CPU
		{B083FB06-E56D-4F2A-8D83-9C5FE96D7B40}.Debug|Any CPU.ActiveCfg = Debug|x86
		{B083FB06-E56D-4F2A-8D83-9C5FE96D7B40}.Debug|x86.ActiveCfg = Debug|x86
		{B083FB06-E56D-4F2A-8D83-9C5FE96D7B40}.Debug|x86.Build.0 = Debug|x86
		{B083FB06-E56D-4F2A-8D83-9C5FE96D7B40}.Release|Any CPU.ActiveCfg = Release|x86
		{B083FB06-E56D-4F2A-8D83-9C5FE96D7B40}.Release|x86.ActiveCfg = Release|x86
		{B083FB06-E56D-4F2A-8D83-9C5FE96D7B40}.Release|x86.Build.0 = Release|x86
		{192B93CB-83B6-46D0-8153-7C14492FD22D}.Debug|Any CPU.ActiveCfg = Debug|Any CPU
		{192B93CB-83B6-46D0-8153-7C14492FD22D}.Debug|Any CPU.Build.0 = Debug|Any CPU
		{192B93CB-83B6-46D0-8153-7C14492FD22D}.Debug|x86.ActiveCfg = Debug|Any CPU
		{192B93CB-83B6-46D0-8153-7C14492FD22D}.Debug|x86.Build.0 = Debug|Any CPU
		{192B93CB-83B6-46D0-8153-7C14492FD22D}.Release|Any CPU.ActiveCfg = Release|Any CPU
		{192B93CB-83B6-46D0-8153-7C14492FD22D}.Release|Any CPU.Build.0 = Release|Any CPU
		{192B93CB-83B6-46D0-8153-7C14492FD22D}.Release|x86.ActiveCfg = Release|Any CPU
		{192B93CB-83B6-46D0-8153-7C14492FD22D}.Release|x86.Build.0 = Release|Any CPU
		{21E0747A-1028-41FD-B1DC-E5C733E2E480}.Debug|Any CPU.ActiveCfg = Debug|Any CPU
		{21E0747A-1028-41FD-B1DC-E5C733E2E480}.Debug|Any CPU.Build.0 = Debug|Any CPU
		{21E0747A-1028-41FD-B1DC-E5C733E2E480}.Debug|x86.ActiveCfg = Debug|Any CPU
		{21E0747A-1028-41FD-B1DC-E5C733E2E480}.Debug|x86.Build.0 = Debug|Any CPU
		{21E0747A-1028-41FD-B1DC-E5C733E2E480}.Release|Any CPU.ActiveCfg = Release|Any CPU
		{21E0747A-1028-41FD-B1DC-E5C733E2E480}.Release|Any CPU.Build.0 = Release|Any CPU
		{21E0747A-1028-41FD-B1DC-E5C733E2E480}.Release|x86.ActiveCfg = Release|Any CPU
		{21E0747A-1028-41FD-B1DC-E5C733E2E480}.Release|x86.Build.0 = Release|Any CPU
		{6C451CFF-B761-4BC6-8700-8DE0BD6902C6}.Debug|Any CPU.ActiveCfg = Debug|x86
		{6C451CFF-B761-4BC6-8700-8DE0BD6902C6}.Debug|x86.ActiveCfg = Debug|x86
		{6C451CFF-B761-4BC6-8700-8DE0BD6902C6}.Debug|x86.Build.0 = Debug|x86
		{6C451CFF-B761-4BC6-8700-8DE0BD6902C6}.Release|Any CPU.ActiveCfg = Release|x86
		{6C451CFF-B761-4BC6-8700-8DE0BD6902C6}.Release|x86.ActiveCfg = Release|x86
		{6C451CFF-B761-4BC6-8700-8DE0BD6902C6}.Release|x86.Build.0 = Release|x86
		{6AA949EE-F451-401B-AC86-41B07D2EDEFC}.Debug|Any CPU.ActiveCfg = Debug|Any CPU
		{6AA949EE-F451-401B-AC86-41B07D2EDEFC}.Debug|x86.ActiveCfg = Debug|Any CPU
		{6AA949EE-F451-401B-AC86-41B07D2EDEFC}.Release|Any CPU.ActiveCfg = Release|Any CPU
		{6AA949EE-F451-401B-AC86-41B07D2EDEFC}.Release|x86.ActiveCfg = Release|Any CPU
		{B8585C3C-6E67-4706-ACD3-832CA0ECC003}.Debug|Any CPU.ActiveCfg = Debug|Any CPU
		{B8585C3C-6E67-4706-ACD3-832CA0ECC003}.Debug|x86.ActiveCfg = Debug|Any CPU
		{B8585C3C-6E67-4706-ACD3-832CA0ECC003}.Release|Any CPU.ActiveCfg = Release|Any CPU
		{B8585C3C-6E67-4706-ACD3-832CA0ECC003}.Release|x86.ActiveCfg = Release|Any CPU
		{2834D01A-B38D-41C9-A645-2435D12A4C14}.Debug|Any CPU.ActiveCfg = Debug|Any CPU
		{2834D01A-B38D-41C9-A645-2435D12A4C14}.Debug|x86.ActiveCfg = Debug|Any CPU
		{2834D01A-B38D-41C9-A645-2435D12A4C14}.Release|Any CPU.ActiveCfg = Release|Any CPU
		{2834D01A-B38D-41C9-A645-2435D12A4C14}.Release|x86.ActiveCfg = Release|Any CPU
		{5DEB6911-FAEA-4DEF-8962-D44C50AF3D27}.Debug|Any CPU.ActiveCfg = Debug|Any CPU
		{5DEB6911-FAEA-4DEF-8962-D44C50AF3D27}.Debug|Any CPU.Build.0 = Debug|Any CPU
		{5DEB6911-FAEA-4DEF-8962-D44C50AF3D27}.Debug|x86.ActiveCfg = Debug|Any CPU
		{5DEB6911-FAEA-4DEF-8962-D44C50AF3D27}.Debug|x86.Build.0 = Debug|Any CPU
		{5DEB6911-FAEA-4DEF-8962-D44C50AF3D27}.Release|Any CPU.ActiveCfg = Release|Any CPU
		{5DEB6911-FAEA-4DEF-8962-D44C50AF3D27}.Release|Any CPU.Build.0 = Release|Any CPU
		{5DEB6911-FAEA-4DEF-8962-D44C50AF3D27}.Release|x86.ActiveCfg = Release|Any CPU
		{5DEB6911-FAEA-4DEF-8962-D44C50AF3D27}.Release|x86.Build.0 = Release|Any CPU
		{AB0E3E8A-7F16-4E4B-B6B7-3A8F1A29B545}.Debug|Any CPU.ActiveCfg = Debug|Any CPU
		{AB0E3E8A-7F16-4E4B-B6B7-3A8F1A29B545}.Debug|Any CPU.Build.0 = Debug|Any CPU
		{AB0E3E8A-7F16-4E4B-B6B7-3A8F1A29B545}.Debug|x86.ActiveCfg = Debug|Any CPU
		{AB0E3E8A-7F16-4E4B-B6B7-3A8F1A29B545}.Debug|x86.Build.0 = Debug|Any CPU
		{AB0E3E8A-7F16-4E4B-B6B7-3A8F1A29B545}.Release|Any CPU.ActiveCfg = Release|Any CPU
		{AB0E3E8A-7F16-4E4B-B6B7-3A8F1A29B545}.Release|Any CPU.Build.0 = Release|Any CPU
		{AB0E3E8A-7F16-4E4B-B6B7-3A8F1A29B545}.Release|x86.ActiveCfg = Release|Any CPU
		{AB0E3E8A-7F16-4E4B-B6B7-3A8F1A29B545}.Release|x86.Build.0 = Release|Any CPU
		{F1260050-CB07-4E4C-ACA4-1B86505C9398}.Debug|Any CPU.ActiveCfg = Debug|Any CPU
		{F1260050-CB07-4E4C-ACA4-1B86505C9398}.Debug|Any CPU.Build.0 = Debug|Any CPU
		{F1260050-CB07-4E4C-ACA4-1B86505C9398}.Debug|x86.ActiveCfg = Debug|Any CPU
		{F1260050-CB07-4E4C-ACA4-1B86505C9398}.Debug|x86.Build.0 = Debug|Any CPU
		{F1260050-CB07-4E4C-ACA4-1B86505C9398}.Release|Any CPU.ActiveCfg = Release|Any CPU
		{F1260050-CB07-4E4C-ACA4-1B86505C9398}.Release|Any CPU.Build.0 = Release|Any CPU
		{F1260050-CB07-4E4C-ACA4-1B86505C9398}.Release|x86.ActiveCfg = Release|Any CPU
		{F1260050-CB07-4E4C-ACA4-1B86505C9398}.Release|x86.Build.0 = Release|Any CPU
	EndGlobalSection
	GlobalSection(SolutionProperties) = preSolution
		HideSolutionNode = FALSE
	EndGlobalSection
	GlobalSection(ExtensibilityGlobals) = postSolution
		SolutionGuid = {4C4DD1E0-7144-489E-A08A-4094A03470C6}
	EndGlobalSection
EndGlobal
